
Microsoft Visual Studio Solution File, Format Version 12.00
# Visual Studio Version 16
VisualStudioVersion = 16.0.28714.193
MinimumVisualStudioVersion = 10.0.40219.1
Project("{9A19103F-16F7-4668-BE54-9A1E7A4F7556}") = "01.Ages", "01.Ages\01.Ages.csproj", "{63F27DB0-C140-4D94-9215-EE26A25BC911}"
EndProject
Project("{FAE04EC0-301F-11D3-BF4B-00C04F79EFBC}") = "02. Divison", "02. Divison\02. Divison.csproj", "{518A3BC9-5E8B-41D9-BA14-8B704953111A}"
EndProject
Project("{FAE04EC0-301F-11D3-BF4B-00C04F79EFBC}") = "03. Vacation", "03. Vacation\03. Vacation.csproj", "{DDB0E99C-3795-49A0-B900-2E3C4FC6A6F8}"
EndProject
Project("{FAE04EC0-301F-11D3-BF4B-00C04F79EFBC}") = "04. Print and Sum", "04. Print and Sum\04. Print and Sum.csproj", "{B0F51ACF-AACF-464C-BD0F-721ECCCCA9B1}"
EndProject
Project("{FAE04EC0-301F-11D3-BF4B-00C04F79EFBC}") = "05. Login", "05. Login\05. Login.csproj", "{263DE08E-8015-41AC-A5EE-C3C787E78317}"
EndProject
Project("{FAE04EC0-301F-11D3-BF4B-00C04F79EFBC}") = "06. Strong Number", "06. Strong Number\06. Strong Number.csproj", "{9DD546AF-F728-4A20-A49D-994A1B45EAF7}"
EndProject
Project("{FAE04EC0-301F-11D3-BF4B-00C04F79EFBC}") = "07. Vending Machine", "07. Vending Machine\07. Vending Machine.csproj", "{CE8A0C9E-3A56-44A7-8A17-432DB8DC5B5D}"
EndProject
Project("{FAE04EC0-301F-11D3-BF4B-00C04F79EFBC}") = "08. Triangle of Numbers", "08. Triangle of Numbers\08. Triangle of Numbers.csproj", "{7B7C4457-6612-4CBB-891A-F3B9B9A18308}"
EndProject
Global
	GlobalSection(SolutionConfigurationPlatforms) = preSolution
		Debug|Any CPU = Debug|Any CPU
		Release|Any CPU = Release|Any CPU
	EndGlobalSection
	GlobalSection(ProjectConfigurationPlatforms) = postSolution
		{63F27DB0-C140-4D94-9215-EE26A25BC911}.Debug|Any CPU.ActiveCfg = Debug|Any CPU
		{63F27DB0-C140-4D94-9215-EE26A25BC911}.Debug|Any CPU.Build.0 = Debug|Any CPU
		{63F27DB0-C140-4D94-9215-EE26A25BC911}.Release|Any CPU.ActiveCfg = Release|Any CPU
		{63F27DB0-C140-4D94-9215-EE26A25BC911}.Release|Any CPU.Build.0 = Release|Any CPU
		{518A3BC9-5E8B-41D9-BA14-8B704953111A}.Debug|Any CPU.ActiveCfg = Debug|Any CPU
		{518A3BC9-5E8B-41D9-BA14-8B704953111A}.Debug|Any CPU.Build.0 = Debug|Any CPU
		{518A3BC9-5E8B-41D9-BA14-8B704953111A}.Release|Any CPU.ActiveCfg = Release|Any CPU
		{518A3BC9-5E8B-41D9-BA14-8B704953111A}.Release|Any CPU.Build.0 = Release|Any CPU
		{DDB0E99C-3795-49A0-B900-2E3C4FC6A6F8}.Debug|Any CPU.ActiveCfg = Debug|Any CPU
		{DDB0E99C-3795-49A0-B900-2E3C4FC6A6F8}.Debug|Any CPU.Build.0 = Debug|Any CPU
		{DDB0E99C-3795-49A0-B900-2E3C4FC6A6F8}.Release|Any CPU.ActiveCfg = Release|Any CPU
		{DDB0E99C-3795-49A0-B900-2E3C4FC6A6F8}.Release|Any CPU.Build.0 = Release|Any CPU
		{B0F51ACF-AACF-464C-BD0F-721ECCCCA9B1}.Debug|Any CPU.ActiveCfg = Debug|Any CPU
		{B0F51ACF-AACF-464C-BD0F-721ECCCCA9B1}.Debug|Any CPU.Build.0 = Debug|Any CPU
		{B0F51ACF-AACF-464C-BD0F-721ECCCCA9B1}.Release|Any CPU.ActiveCfg = Release|Any CPU
		{B0F51ACF-AACF-464C-BD0F-721ECCCCA9B1}.Release|Any CPU.Build.0 = Release|Any CPU
		{263DE08E-8015-41AC-A5EE-C3C787E78317}.Debug|Any CPU.ActiveCfg = Debug|Any CPU
		{263DE08E-8015-41AC-A5EE-C3C787E78317}.Debug|Any CPU.Build.0 = Debug|Any CPU
		{263DE08E-8015-41AC-A5EE-C3C787E78317}.Release|Any CPU.ActiveCfg = Release|Any CPU
		{263DE08E-8015-41AC-A5EE-C3C787E78317}.Release|Any CPU.Build.0 = Release|Any CPU
		{9DD546AF-F728-4A20-A49D-994A1B45EAF7}.Debug|Any CPU.ActiveCfg = Debug|Any CPU
		{9DD546AF-F728-4A20-A49D-994A1B45EAF7}.Debug|Any CPU.Build.0 = Debug|Any CPU
		{9DD546AF-F728-4A20-A49D-994A1B45EAF7}.Release|Any CPU.ActiveCfg = Release|Any CPU
		{9DD546AF-F728-4A20-A49D-994A1B45EAF7}.Release|Any CPU.Build.0 = Release|Any CPU
		{CE8A0C9E-3A56-44A7-8A17-432DB8DC5B5D}.Debug|Any CPU.ActiveCfg = Debug|Any CPU
		{CE8A0C9E-3A56-44A7-8A17-432DB8DC5B5D}.Debug|Any CPU.Build.0 = Debug|Any CPU
		{CE8A0C9E-3A56-44A7-8A17-432DB8DC5B5D}.Release|Any CPU.ActiveCfg = Release|Any CPU
		{CE8A0C9E-3A56-44A7-8A17-432DB8DC5B5D}.Release|Any CPU.Build.0 = Release|Any CPU
		{7B7C4457-6612-4CBB-891A-F3B9B9A18308}.Debug|Any CPU.ActiveCfg = Debug|Any CPU
		{7B7C4457-6612-4CBB-891A-F3B9B9A18308}.Debug|Any CPU.Build.0 = Debug|Any CPU
		{7B7C4457-6612-4CBB-891A-F3B9B9A18308}.Release|Any CPU.ActiveCfg = Release|Any CPU
		{7B7C4457-6612-4CBB-891A-F3B9B9A18308}.Release|Any CPU.Build.0 = Release|Any CPU
	EndGlobalSection
	GlobalSection(SolutionProperties) = preSolution
		HideSolutionNode = FALSE
	EndGlobalSection
	GlobalSection(ExtensibilityGlobals) = postSolution
		SolutionGuid = {C8901B62-B0FA-4552-AA18-D8222A188C6C}
	EndGlobalSection
EndGlobal
